
Microsoft Visual Studio Solution File, Format Version 12.00
# Visual Studio 14
VisualStudioVersion = 14.0.23107.0
MinimumVisualStudioVersion = 10.0.40219.1
Project("{FAE04EC0-301F-11D3-BF4B-00C04F79EFBC}") = "TinyInterceptor", "TinyInterceptor\TinyInterceptor.csproj", "{350FC69E-68A7-47B3-8268-83B5903656AF}"
EndProject
Project("{2150E333-8FDC-42A3-9474-1A3956D46DE8}") = "Git Files", "Git Files", "{B94614DA-F56D-41BE-81F0-C37D506A9930}"
	ProjectSection(SolutionItems) = preProject
		.gitattributes = .gitattributes
		.gitignore = .gitignore
		LICENSE = LICENSE
		README.md = README.md
	EndProjectSection
EndProject
Global
	GlobalSection(SolutionConfigurationPlatforms) = preSolution
		Debug|Any CPU = Debug|Any CPU
		Release|Any CPU = Release|Any CPU
	EndGlobalSection
	GlobalSection(ProjectConfigurationPlatforms) = postSolution
		{350FC69E-68A7-47B3-8268-83B5903656AF}.Debug|Any CPU.ActiveCfg = Debug|Any CPU
		{350FC69E-68A7-47B3-8268-83B5903656AF}.Debug|Any CPU.Build.0 = Debug|Any CPU
		{350FC69E-68A7-47B3-8268-83B5903656AF}.Release|Any CPU.ActiveCfg = Release|Any CPU
		{350FC69E-68A7-47B3-8268-83B5903656AF}.Release|Any CPU.Build.0 = Release|Any CPU
	EndGlobalSection
	GlobalSection(SolutionProperties) = preSolution
		HideSolutionNode = FALSE
	EndGlobalSection
EndGlobal
